
Microsoft Visual Studio Solution File, Format Version 12.00
# Visual Studio 15
VisualStudioVersion = 15.0.26730.16
MinimumVisualStudioVersion = 10.0.40219.1
Project("{FAE04EC0-301F-11D3-BF4B-00C04F79EFBC}") = "MegaDesk", "MegaDesk\MegaDesk.csproj", "{BB331E9F-3422-4EA6-BF86-789EA7163FF5}"
EndProject
Global
	GlobalSection(SolutionConfigurationPlatforms) = preSolution
		Debug|Any CPU = Debug|Any CPU
		Release|Any CPU = Release|Any CPU
	EndGlobalSection
	GlobalSection(ProjectConfigurationPlatforms) = postSolution
		{BB331E9F-3422-4EA6-BF86-789EA7163FF5}.Debug|Any CPU.ActiveCfg = Debug|Any CPU
		{BB331E9F-3422-4EA6-BF86-789EA7163FF5}.Debug|Any CPU.Build.0 = Debug|Any CPU
		{BB331E9F-3422-4EA6-BF86-789EA7163FF5}.Release|Any CPU.ActiveCfg = Release|Any CPU
		{BB331E9F-3422-4EA6-BF86-789EA7163FF5}.Release|Any CPU.Build.0 = Release|Any CPU
	EndGlobalSection
	GlobalSection(SolutionProperties) = preSolution
		HideSolutionNode = FALSE
	EndGlobalSection
	GlobalSection(ExtensibilityGlobals) = postSolution
		SolutionGuid = {C2437FF9-0D4E-432C-A33F-10201D7C1886}
	EndGlobalSection
EndGlobal
